
Microsoft Visual Studio Solution File, Format Version 12.00
# Visual Studio 15
VisualStudioVersion = 15.0.27004.2002
MinimumVisualStudioVersion = 10.0.40219.1
Project("{8BC9CEB8-8B4A-11D0-8D11-00A0C91BC942}") = "ModelConversion", "ModelConversion\ModelConversion.vcxproj", "{B763C94D-E494-44EE-9565-911C6065F817}"
EndProject
Global
	GlobalSection(SolutionConfigurationPlatforms) = preSolution
		Debug|x64 = Debug|x64
		Debug|x86 = Debug|x86
		Release|x64 = Release|x64
		Release|x86 = Release|x86
	EndGlobalSection
	GlobalSection(ProjectConfigurationPlatforms) = postSolution
		{B763C94D-E494-44EE-9565-911C6065F817}.Debug|x64.ActiveCfg = Debug|x64
		{B763C94D-E494-44EE-9565-911C6065F817}.Debug|x64.Build.0 = Debug|x64
		{B763C94D-E494-44EE-9565-911C6065F817}.Debug|x86.ActiveCfg = Debug|Win32
		{B763C94D-E494-44EE-9565-911C6065F817}.Debug|x86.Build.0 = Debug|Win32
		{B763C94D-E494-44EE-9565-911C6065F817}.Release|x64.ActiveCfg = Release|x64
		{B763C94D-E494-44EE-9565-911C6065F817}.Release|x64.Build.0 = Release|x64
		{B763C94D-E494-44EE-9565-911C6065F817}.Release|x86.ActiveCfg = Release|Win32
		{B763C94D-E494-44EE-9565-911C6065F817}.Release|x86.Build.0 = Release|Win32
	EndGlobalSection
	GlobalSection(SolutionProperties) = preSolution
		HideSolutionNode = FALSE
	EndGlobalSection
	GlobalSection(ExtensibilityGlobals) = postSolution
		SolutionGuid = {BDC75B8F-5258-4033-A952-E622C3745835}
	EndGlobalSection
EndGlobal
